// !$*UTF8*$!
{
	archiveVersion = 1;
	classes = {
	};
	objectVersion = 46;
	objects = {

/* Begin PBXBuildFile section */
		B1CF95F61A6D1F9200FE4B71 /* main.m in Sources */ = {isa = PBXBuildFile; fileRef = B1CF95F51A6D1F9200FE4B71 /* main.m */; };
		B1CF95F91A6D1F9200FE4B71 /* AppDelegate.m in Sources */ = {isa = PBXBuildFile; fileRef = B1CF95F81A6D1F9200FE4B71 /* AppDelegate.m */; };
		B1CF95FC1A6D1F9200FE4B71 /* PictureCard.xcdatamodeld in Sources */ = {isa = PBXBuildFile; fileRef = B1CF95FA1A6D1F9200FE4B71 /* PictureCard.xcdatamodeld */; };
		B1CF95FF1A6D1F9200FE4B71 /* ViewController.m in Sources */ = {isa = PBXBuildFile; fileRef = B1CF95FE1A6D1F9200FE4B71 /* ViewController.m */; };
		B1CF96021A6D1F9200FE4B71 /* Main.storyboard in Resources */ = {isa = PBXBuildFile; fileRef = B1CF96001A6D1F9200FE4B71 /* Main.storyboard */; };
		B1CF96041A6D1F9200FE4B71 /* Images.xcassets in Resources */ = {isa = PBXBuildFile; fileRef = B1CF96031A6D1F9200FE4B71 /* Images.xcassets */; };
		B1CF96071A6D1F9200FE4B71 /* LaunchScreen.xib in Resources */ = {isa = PBXBuildFile; fileRef = B1CF96051A6D1F9200FE4B71 /* LaunchScreen.xib */; };
		B1CF96131A6D1F9200FE4B71 /* PictureCardTests.m in Sources */ = {isa = PBXBuildFile; fileRef = B1CF96121A6D1F9200FE4B71 /* PictureCardTests.m */; };
		B1CF961D1A6D279200FE4B71 /* slr_camera2-32.png in Resources */ = {isa = PBXBuildFile; fileRef = B1CF961C1A6D279200FE4B71 /* slr_camera2-32.png */; };
		B1CF96221A6D7D9500FE4B71 /* no-photo.jpeg in Resources */ = {isa = PBXBuildFile; fileRef = B1CF96211A6D7D9500FE4B71 /* no-photo.jpeg */; };
		B1CF96251A6D838B00FE4B71 /* NSString+Hash.m in Sources */ = {isa = PBXBuildFile; fileRef = B1CF96241A6D838B00FE4B71 /* NSString+Hash.m */; };
/* End PBXBuildFile section */

/* Begin PBXContainerItemProxy section */
		B1CF960D1A6D1F9200FE4B71 /* PBXContainerItemProxy */ = {
			isa = PBXContainerItemProxy;
			containerPortal = B1CF95E81A6D1F9200FE4B71 /* Project object */;
			proxyType = 1;
			remoteGlobalIDString = B1CF95EF1A6D1F9200FE4B71;
			remoteInfo = PictureCard;
		};
/* End PBXContainerItemProxy section */

/* Begin PBXFileReference section */
		B1CF95F01A6D1F9200FE4B71 /* PictureCard.app */ = {isa = PBXFileReference; explicitFileType = wrapper.application; includeInIndex = 0; path = PictureCard.app; sourceTree = BUILT_PRODUCTS_DIR; };
		B1CF95F41A6D1F9200FE4B71 /* Info.plist */ = {isa = PBXFileReference; lastKnownFileType = text.plist.xml; path = Info.plist; sourceTree = "<group>"; };
		B1CF95F51A6D1F9200FE4B71 /* main.m */ = {isa = PBXFileReference; lastKnownFileType = sourcecode.c.objc; path = main.m; sourceTree = "<group>"; };
		B1CF95F71A6D1F9200FE4B71 /* AppDelegate.h */ = {isa = PBXFileReference; lastKnownFileType = sourcecode.c.h; path = AppDelegate.h; sourceTree = "<group>"; };
		B1CF95F81A6D1F9200FE4B71 /* AppDelegate.m */ = {isa = PBXFileReference; lastKnownFileType = sourcecode.c.objc; path = AppDelegate.m; sourceTree = "<group>"; };
		B1CF95FB1A6D1F9200FE4B71 /* PictureCard.xcdatamodel */ = {isa = PBXFileReference; lastKnownFileType = wrapper.xcdatamodel; path = PictureCard.xcdatamodel; sourceTree = "<group>"; };
		B1CF95FD1A6D1F9200FE4B71 /* ViewController.h */ = {isa = PBXFileReference; lastKnownFileType = sourcecode.c.h; path = ViewController.h; sourceTree = "<group>"; };
		B1CF95FE1A6D1F9200FE4B71 /* ViewController.m */ = {isa = PBXFileReference; lastKnownFileType = sourcecode.c.objc; path = ViewController.m; sourceTree = "<group>"; };
		B1CF96011A6D1F9200FE4B71 /* Base */ = {isa = PBXFileReference; lastKnownFileType = file.storyboard; name = Base; path = Base.lproj/Main.storyboard; sourceTree = "<group>"; };
		B1CF96031A6D1F9200FE4B71 /* Images.xcassets */ = {isa = PBXFileReference; lastKnownFileType = folder.assetcatalog; path = Images.xcassets; sourceTree = "<group>"; };
		B1CF96061A6D1F9200FE4B71 /* Base */ = {isa = PBXFileReference; lastKnownFileType = file.xib; name = Base; path = Base.lproj/LaunchScreen.xib; sourceTree = "<group>"; };
		B1CF960C1A6D1F9200FE4B71 /* PictureCardTests.xctest */ = {isa = PBXFileReference; explicitFileType = wrapper.cfbundle; includeInIndex = 0; path = PictureCardTests.xctest; sourceTree = BUILT_PRODUCTS_DIR; };
		B1CF96111A6D1F9200FE4B71 /* Info.plist */ = {isa = PBXFileReference; lastKnownFileType = text.plist.xml; path = Info.plist; sourceTree = "<group>"; };
		B1CF96121A6D1F9200FE4B71 /* PictureCardTests.m */ = {isa = PBXFileReference; lastKnownFileType = sourcecode.c.objc; path = PictureCardTests.m; sourceTree = "<group>"; };
		B1CF961C1A6D279200FE4B71 /* slr_camera2-32.png */ = {isa = PBXFileReference; lastKnownFileType = image.png; path = "slr_camera2-32.png"; sourceTree = "<group>"; };
		B1CF961F1A6D4E3900FE4B71 /* pt */ = {isa = PBXFileReference; lastKnownFileType = text.plist.strings; name = pt; path = pt.lproj/Main.strings; sourceTree = "<group>"; };
		B1CF96201A6D4E3900FE4B71 /* pt */ = {isa = PBXFileReference; lastKnownFileType = text.plist.strings; name = pt; path = pt.lproj/LaunchScreen.strings; sourceTree = "<group>"; };
		B1CF96211A6D7D9500FE4B71 /* no-photo.jpeg */ = {isa = PBXFileReference; lastKnownFileType = image.jpeg; path = "no-photo.jpeg"; sourceTree = "<group>"; };
		B1CF96231A6D838B00FE4B71 /* NSString+Hash.h */ = {isa = PBXFileReference; fileEncoding = 4; lastKnownFileType = sourcecode.c.h; path = "NSString+Hash.h"; sourceTree = "<group>"; };
		B1CF96241A6D838B00FE4B71 /* NSString+Hash.m */ = {isa = PBXFileReference; fileEncoding = 4; lastKnownFileType = sourcecode.c.objc; path = "NSString+Hash.m"; sourceTree = "<group>"; };
		B1CF96261A6D84E600FE4B71 /* PictureCard.pch */ = {isa = PBXFileReference; fileEncoding = 4; lastKnownFileType = sourcecode.c.h; path = PictureCard.pch; sourceTree = "<group>"; };
/* End PBXFileReference section */

/* Begin PBXFrameworksBuildPhase section */
		B1CF95ED1A6D1F9200FE4B71 /* Frameworks */ = {
			isa = PBXFrameworksBuildPhase;
			buildActionMask = 2147483647;
			files = (
			);
			runOnlyForDeploymentPostprocessing = 0;
		};
		B1CF96091A6D1F9200FE4B71 /* Frameworks */ = {
			isa = PBXFrameworksBuildPhase;
			buildActionMask = 2147483647;
			files = (
			);
			runOnlyForDeploymentPostprocessing = 0;
		};
/* End PBXFrameworksBuildPhase section */

/* Begin PBXGroup section */
		B1CF95E71A6D1F9200FE4B71 = {
			isa = PBXGroup;
			children = (
				B1CF95F21A6D1F9200FE4B71 /* PictureCard */,
				B1CF960F1A6D1F9200FE4B71 /* PictureCardTests */,
				B1CF95F11A6D1F9200FE4B71 /* Products */,
			);
			sourceTree = "<group>";
		};
		B1CF95F11A6D1F9200FE4B71 /* Products */ = {
			isa = PBXGroup;
			children = (
				B1CF95F01A6D1F9200FE4B71 /* PictureCard.app */,
				B1CF960C1A6D1F9200FE4B71 /* PictureCardTests.xctest */,
			);
			name = Products;
			sourceTree = "<group>";
		};
		B1CF95F21A6D1F9200FE4B71 /* PictureCard */ = {
			isa = PBXGroup;
			children = (
				B1CF95F71A6D1F9200FE4B71 /* AppDelegate.h */,
				B1CF95F81A6D1F9200FE4B71 /* AppDelegate.m */,
				B1CF95FD1A6D1F9200FE4B71 /* ViewController.h */,
				B1CF95FE1A6D1F9200FE4B71 /* ViewController.m */,
				B1CF96001A6D1F9200FE4B71 /* Main.storyboard */,
				B1CF96031A6D1F9200FE4B71 /* Images.xcassets */,
				B1CF96051A6D1F9200FE4B71 /* LaunchScreen.xib */,
				B1CF95FA1A6D1F9200FE4B71 /* PictureCard.xcdatamodeld */,
				B1CF95F31A6D1F9200FE4B71 /* Supporting Files */,
				B1CF96231A6D838B00FE4B71 /* NSString+Hash.h */,
				B1CF96241A6D838B00FE4B71 /* NSString+Hash.m */,
			);
			path = PictureCard;
			sourceTree = "<group>";
		};
		B1CF95F31A6D1F9200FE4B71 /* Supporting Files */ = {
			isa = PBXGroup;
			children = (
				B1CF961E1A6D2C4E00FE4B71 /* images */,
				B1CF95F41A6D1F9200FE4B71 /* Info.plist */,
				B1CF95F51A6D1F9200FE4B71 /* main.m */,
				B1CF96261A6D84E600FE4B71 /* PictureCard.pch */,
			);
			name = "Supporting Files";
			sourceTree = "<group>";
		};
		B1CF960F1A6D1F9200FE4B71 /* PictureCardTests */ = {
			isa = PBXGroup;
			children = (
				B1CF96121A6D1F9200FE4B71 /* PictureCardTests.m */,
				B1CF96101A6D1F9200FE4B71 /* Supporting Files */,
			);
			path = PictureCardTests;
			sourceTree = "<group>";
		};
		B1CF96101A6D1F9200FE4B71 /* Supporting Files */ = {
			isa = PBXGroup;
			children = (
				B1CF96111A6D1F9200FE4B71 /* Info.plist */,
			);
			name = "Supporting Files";
			sourceTree = "<group>";
		};
		B1CF961E1A6D2C4E00FE4B71 /* images */ = {
			isa = PBXGroup;
			children = (
				B1CF96211A6D7D9500FE4B71 /* no-photo.jpeg */,
				B1CF961C1A6D279200FE4B71 /* slr_camera2-32.png */,
			);
			name = images;
			sourceTree = "<group>";
		};
/* End PBXGroup section */

/* Begin PBXNativeTarget section */
		B1CF95EF1A6D1F9200FE4B71 /* PictureCard */ = {
			isa = PBXNativeTarget;
			buildConfigurationList = B1CF96161A6D1F9200FE4B71 /* Build configuration list for PBXNativeTarget "PictureCard" */;
			buildPhases = (
				B1CF95EC1A6D1F9200FE4B71 /* Sources */,
				B1CF95ED1A6D1F9200FE4B71 /* Frameworks */,
				B1CF95EE1A6D1F9200FE4B71 /* Resources */,
			);
			buildRules = (
			);
			dependencies = (
			);
			name = PictureCard;
			productName = PictureCard;
			productReference = B1CF95F01A6D1F9200FE4B71 /* PictureCard.app */;
			productType = "com.apple.product-type.application";
		};
		B1CF960B1A6D1F9200FE4B71 /* PictureCardTests */ = {
			isa = PBXNativeTarget;
			buildConfigurationList = B1CF96191A6D1F9200FE4B71 /* Build configuration list for PBXNativeTarget "PictureCardTests" */;
			buildPhases = (
				B1CF96081A6D1F9200FE4B71 /* Sources */,
				B1CF96091A6D1F9200FE4B71 /* Frameworks */,
				B1CF960A1A6D1F9200FE4B71 /* Resources */,
			);
			buildRules = (
			);
			dependencies = (
				B1CF960E1A6D1F9200FE4B71 /* PBXTargetDependency */,
			);
			name = PictureCardTests;
			productName = PictureCardTests;
			productReference = B1CF960C1A6D1F9200FE4B71 /* PictureCardTests.xctest */;
			productType = "com.apple.product-type.bundle.unit-test";
		};
/* End PBXNativeTarget section */

/* Begin PBXProject section */
		B1CF95E81A6D1F9200FE4B71 /* Project object */ = {
			isa = PBXProject;
			attributes = {
				LastUpgradeCheck = 0610;
				ORGANIZATIONNAME = EstudosLivres;
				TargetAttributes = {
					B1CF95EF1A6D1F9200FE4B71 = {
						CreatedOnToolsVersion = 6.1.1;
					};
					B1CF960B1A6D1F9200FE4B71 = {
						CreatedOnToolsVersion = 6.1.1;
						TestTargetID = B1CF95EF1A6D1F9200FE4B71;
					};
				};
			};
			buildConfigurationList = B1CF95EB1A6D1F9200FE4B71 /* Build configuration list for PBXProject "PictureCard" */;
			compatibilityVersion = "Xcode 3.2";
			developmentRegion = English;
			hasScannedForEncodings = 0;
			knownRegions = (
				en,
				Base,
			);
			mainGroup = B1CF95E71A6D1F9200FE4B71;
			productRefGroup = B1CF95F11A6D1F9200FE4B71 /* Products */;
			projectDirPath = "";
			projectRoot = "";
			targets = (
				B1CF95EF1A6D1F9200FE4B71 /* PictureCard */,
				B1CF960B1A6D1F9200FE4B71 /* PictureCardTests */,
			);
		};
/* End PBXProject section */

/* Begin PBXResourcesBuildPhase section */
		B1CF95EE1A6D1F9200FE4B71 /* Resources */ = {
			isa = PBXResourcesBuildPhase;
			buildActionMask = 2147483647;
			files = (
				B1CF96021A6D1F9200FE4B71 /* Main.storyboard in Resources */,
				B1CF96071A6D1F9200FE4B71 /* LaunchScreen.xib in Resources */,
				B1CF961D1A6D279200FE4B71 /* slr_camera2-32.png in Resources */,
				B1CF96041A6D1F9200FE4B71 /* Images.xcassets in Resources */,
				B1CF96221A6D7D9500FE4B71 /* no-photo.jpeg in Resources */,
			);
			runOnlyForDeploymentPostprocessing = 0;
		};
		B1CF960A1A6D1F9200FE4B71 /* Resources */ = {
			isa = PBXResourcesBuildPhase;
			buildActionMask = 2147483647;
			files = (
			);
			runOnlyForDeploymentPostprocessing = 0;
		};
/* End PBXResourcesBuildPhase section */

/* Begin PBXSourcesBuildPhase section */
		B1CF95EC1A6D1F9200FE4B71 /* Sources */ = {
			isa = PBXSourcesBuildPhase;
			buildActionMask = 2147483647;
			files = (
				B1CF95F91A6D1F9200FE4B71 /* AppDelegate.m in Sources */,
				B1CF95FC1A6D1F9200FE4B71 /* PictureCard.xcdatamodeld in Sources */,
				B1CF95FF1A6D1F9200FE4B71 /* ViewController.m in Sources */,
				B1CF96251A6D838B00FE4B71 /* NSString+Hash.m in Sources */,
				B1CF95F61A6D1F9200FE4B71 /* main.m in Sources */,
			);
			runOnlyForDeploymentPostprocessing = 0;
		};
		B1CF96081A6D1F9200FE4B71 /* Sources */ = {
			isa = PBXSourcesBuildPhase;
			buildActionMask = 2147483647;
			files = (
				B1CF96131A6D1F9200FE4B71 /* PictureCardTests.m in Sources */,
			);
			runOnlyForDeploymentPostprocessing = 0;
		};
/* End PBXSourcesBuildPhase section */

/* Begin PBXTargetDependency section */
		B1CF960E1A6D1F9200FE4B71 /* PBXTargetDependency */ = {
			isa = PBXTargetDependency;
			target = B1CF95EF1A6D1F9200FE4B71 /* PictureCard */;
			targetProxy = B1CF960D1A6D1F9200FE4B71 /* PBXContainerItemProxy */;
		};
/* End PBXTargetDependency section */

/* Begin PBXVariantGroup section */
		B1CF96001A6D1F9200FE4B71 /* Main.storyboard */ = {
			isa = PBXVariantGroup;
			children = (
				B1CF96011A6D1F9200FE4B71 /* Base */,
				B1CF961F1A6D4E3900FE4B71 /* pt */,
			);
			name = Main.storyboard;
			sourceTree = "<group>";
		};
		B1CF96051A6D1F9200FE4B71 /* LaunchScreen.xib */ = {
			isa = PBXVariantGroup;
			children = (
				B1CF96061A6D1F9200FE4B71 /* Base */,
				B1CF96201A6D4E3900FE4B71 /* pt */,
			);
			name = LaunchScreen.xib;
			sourceTree = "<group>";
		};
/* End PBXVariantGroup section */

/* Begin XCBuildConfiguration section */
		B1CF96141A6D1F9200FE4B71 /* Debug */ = {
			isa = XCBuildConfiguration;
			buildSettings = {
				ALWAYS_SEARCH_USER_PATHS = NO;
				CLANG_CXX_LANGUAGE_STANDARD = "gnu++0x";
				CLANG_CXX_LIBRARY = "libc++";
				CLANG_ENABLE_MODULES = YES;
				CLANG_ENABLE_OBJC_ARC = YES;
				CLANG_WARN_BOOL_CONVERSION = YES;
				CLANG_WARN_CONSTANT_CONVERSION = YES;
				CLANG_WARN_DIRECT_OBJC_ISA_USAGE = YES_ERROR;
				CLANG_WARN_EMPTY_BODY = YES;
				CLANG_WARN_ENUM_CONVERSION = YES;
				CLANG_WARN_INT_CONVERSION = YES;
				CLANG_WARN_OBJC_ROOT_CLASS = YES_ERROR;
				CLANG_WARN_UNREACHABLE_CODE = YES;
				CLANG_WARN__DUPLICATE_METHOD_MATCH = YES;
				"CODE_SIGN_IDENTITY[sdk=iphoneos*]" = "iPhone Developer";
				COPY_PHASE_STRIP = NO;
				ENABLE_STRICT_OBJC_MSGSEND = YES;
				GCC_C_LANGUAGE_STANDARD = gnu99;
				GCC_DYNAMIC_NO_PIC = NO;
				GCC_OPTIMIZATION_LEVEL = 0;
				GCC_PRECOMPILE_PREFIX_HEADER = YES;
				GCC_PREFIX_HEADER = PictureCard/PictureCard.pch;
				GCC_PREPROCESSOR_DEFINITIONS = (
					"DEBUG=1",
					"$(inherited)",
				);
				GCC_SYMBOLS_PRIVATE_EXTERN = NO;
				GCC_WARN_64_TO_32_BIT_CONVERSION = YES;
				GCC_WARN_ABOUT_RETURN_TYPE = YES_ERROR;
				GCC_WARN_UNDECLARED_SELECTOR = YES;
				GCC_WARN_UNINITIALIZED_AUTOS = YES_AGGRESSIVE;
				GCC_WARN_UNUSED_FUNCTION = YES;
				GCC_WARN_UNUSED_VARIABLE = YES;
				IPHONEOS_DEPLOYMENT_TARGET = 7.0;
				MTL_ENABLE_DEBUG_INFO = YES;
				ONLY_ACTIVE_ARCH = YES;
				SDKROOT = iphoneos;
				TARGETED_DEVICE_FAMILY = "1,2";
			};
			name = Debug;
		};
		B1CF96151A6D1F9200FE4B71 /* Release */ = {
			isa = XCBuildConfiguration;
			buildSettings = {
				ALWAYS_SEARCH_USER_PATHS = NO;
				CLANG_CXX_LANGUAGE_STANDARD = "gnu++0x";
				CLANG_CXX_LIBRARY = "libc++";
				CLANG_ENABLE_MODULES = YES;
				CLANG_ENABLE_OBJC_ARC = YES;
				CLANG_WARN_BOOL_CONVERSION = YES;
				CLANG_WARN_CONSTANT_CONVERSION = YES;
				CLANG_WARN_DIRECT_OBJC_ISA_USAGE = YES_ERROR;
				CLANG_WARN_EMPTY_BODY = YES;
				CLANG_WARN_ENUM_CONVERSION = YES;
				CLANG_WARN_INT_CONVERSION = YES;
				CLANG_WARN_OBJC_ROOT_CLASS = YES_ERROR;
				CLANG_WARN_UNREACHABLE_CODE = YES;
				CLANG_WARN__DUPLICATE_METHOD_MATCH = YES;
				"CODE_SIGN_IDENTITY[sdk=iphoneos*]" = "iPhone Developer";
				COPY_PHASE_STRIP = YES;
				ENABLE_NS_ASSERTIONS = NO;
				ENABLE_STRICT_OBJC_MSGSEND = YES;
				GCC_C_LANGUAGE_STANDARD = gnu99;
				GCC_PRECOMPILE_PREFIX_HEADER = YES;
				GCC_PREFIX_HEADER = PictureCard/PictureCard.pch;
				GCC_WARN_64_TO_32_BIT_CONVERSION = YES;
				GCC_WARN_ABOUT_RETURN_TYPE = YES_ERROR;
				GCC_WARN_UNDECLARED_SELECTOR = YES;
				GCC_WARN_UNINITIALIZED_AUTOS = YES_AGGRESSIVE;
				GCC_WARN_UNUSED_FUNCTION = YES;
				GCC_WARN_UNUSED_VARIABLE = YES;
				IPHONEOS_DEPLOYMENT_TARGET = 7.0;
				MTL_ENABLE_DEBUG_INFO = NO;
				SDKROOT = iphoneos;
				TARGETED_DEVICE_FAMILY = "1,2";
				VALIDATE_PRODUCT = YES;
			};
			name = Release;
		};
		B1CF96171A6D1F9200FE4B71 /* Debug */ = {
			isa = XCBuildConfiguration;
			buildSettings = {
				ASSETCATALOG_COMPILER_APPICON_NAME = AppIcon;
				INFOPLIST_FILE = PictureCard/Info.plist;
				LD_RUNPATH_SEARCH_PATHS = "$(inherited) @executable_path/Frameworks";
				PRODUCT_NAME = "$(TARGET_NAME)";
			};
			name = Debug;
		};
		B1CF96181A6D1F9200FE4B71 /* Release */ = {
			isa = XCBuildConfiguration;
			buildSettings = {
				ASSETCATALOG_COMPILER_APPICON_NAME = AppIcon;
				INFOPLIST_FILE = PictureCard/Info.plist;
				LD_RUNPATH_SEARCH_PATHS = "$(inherited) @executable_path/Frameworks";
				PRODUCT_NAME = "$(TARGET_NAME)";
			};
			name = Release;
		};
		B1CF961A1A6D1F9200FE4B71 /* Debug */ = {
			isa = XCBuildConfiguration;
			buildSettings = {
				BUNDLE_LOADER = "$(TEST_HOST)";
				FRAMEWORK_SEARCH_PATHS = (
					"$(SDKROOT)/Developer/Library/Frameworks",
					"$(inherited)",
				);
				GCC_PREPROCESSOR_DEFINITIONS = (
					"DEBUG=1",
					"$(inherited)",
				);
				INFOPLIST_FILE = PictureCardTests/Info.plist;
				LD_RUNPATH_SEARCH_PATHS = "$(inherited) @executable_path/Frameworks @loader_path/Frameworks";
				PRODUCT_NAME = "$(TARGET_NAME)";
				TEST_HOST = "$(BUILT_PRODUCTS_DIR)/PictureCard.app/PictureCard";
			};
			name = Debug;
		};
		B1CF961B1A6D1F9200FE4B71 /* Release */ = {
			isa = XCBuildConfiguration;
			buildSettings = {
				BUNDLE_LOADER = "$(TEST_HOST)";
				FRAMEWORK_SEARCH_PATHS = (
					"$(SDKROOT)/Developer/Library/Frameworks",
					"$(inherited)",
				);
				INFOPLIST_FILE = PictureCardTests/Info.plist;
				LD_RUNPATH_SEARCH_PATHS = "$(inherited) @executable_path/Frameworks @loader_path/Frameworks";
				PRODUCT_NAME = "$(TARGET_NAME)";
				TEST_HOST = "$(BUILT_PRODUCTS_DIR)/PictureCard.app/PictureCard";
			};
			name = Release;
		};
/* End XCBuildConfiguration section */

/* Begin XCConfigurationList section */
		B1CF95EB1A6D1F9200FE4B71 /* Build configuration list for PBXProject "PictureCard" */ = {
			isa = XCConfigurationList;
			buildConfigurations = (
				B1CF96141A6D1F9200FE4B71 /* Debug */,
				B1CF96151A6D1F9200FE4B71 /* Release */,
			);
			defaultConfigurationIsVisible = 0;
			defaultConfigurationName = Release;
		};
		B1CF96161A6D1F9200FE4B71 /* Build configuration list for PBXNativeTarget "PictureCard" */ = {
			isa = XCConfigurationList;
			buildConfigurations = (
				B1CF96171A6D1F9200FE4B71 /* Debug */,
				B1CF96181A6D1F9200FE4B71 /* Release */,
			);
			defaultConfigurationIsVisible = 0;
			defaultConfigurationName = Release;
		};
		B1CF96191A6D1F9200FE4B71 /* Build configuration list for PBXNativeTarget "PictureCardTests" */ = {
			isa = XCConfigurationList;
			buildConfigurations = (
				B1CF961A1A6D1F9200FE4B71 /* Debug */,
				B1CF961B1A6D1F9200FE4B71 /* Release */,
			);
			defaultConfigurationIsVisible = 0;
			defaultConfigurationName = Release;
		};
/* End XCConfigurationList section */

/* Begin XCVersionGroup section */
		B1CF95FA1A6D1F9200FE4B71 /* PictureCard.xcdatamodeld */ = {
			isa = XCVersionGroup;
			children = (
				B1CF95FB1A6D1F9200FE4B71 /* PictureCard.xcdatamodel */,
			);
			currentVersion = B1CF95FB1A6D1F9200FE4B71 /* PictureCard.xcdatamodel */;
			path = PictureCard.xcdatamodeld;
			sourceTree = "<group>";
			versionGroupType = wrapper.xcdatamodel;
		};
/* End XCVersionGroup section */
	};
	rootObject = B1CF95E81A6D1F9200FE4B71 /* Project object */;
}
